
Microsoft Visual Studio Solution File, Format Version 12.00
# Visual Studio Version 16
VisualStudioVersion = 16.0.30204.135
MinimumVisualStudioVersion = 10.0.40219.1
Project("{FAE04EC0-301F-11D3-BF4B-00C04F79EFBC}") = "DragBorderlessForm", "DragBorderlessForm\DragBorderlessForm.csproj", "{EEA14C82-9D4A-4DEF-A038-39912AA1CC31}"
EndProject
Global
	GlobalSection(SolutionConfigurationPlatforms) = preSolution
		Debug|Any CPU = Debug|Any CPU
		Release|Any CPU = Release|Any CPU
	EndGlobalSection
	GlobalSection(ProjectConfigurationPlatforms) = postSolution
		{EEA14C82-9D4A-4DEF-A038-39912AA1CC31}.Debug|Any CPU.ActiveCfg = Debug|Any CPU
		{EEA14C82-9D4A-4DEF-A038-39912AA1CC31}.Debug|Any CPU.Build.0 = Debug|Any CPU
		{EEA14C82-9D4A-4DEF-A038-39912AA1CC31}.Release|Any CPU.ActiveCfg = Release|Any CPU
		{EEA14C82-9D4A-4DEF-A038-39912AA1CC31}.Release|Any CPU.Build.0 = Release|Any CPU
	EndGlobalSection
	GlobalSection(SolutionProperties) = preSolution
		HideSolutionNode = FALSE
	EndGlobalSection
	GlobalSection(ExtensibilityGlobals) = postSolution
		SolutionGuid = {E76C41D9-2BB4-4F1B-BF88-65B8EC17CE8D}
	EndGlobalSection
EndGlobal
